
Microsoft Visual Studio Solution File, Format Version 12.00
# Visual Studio 15
VisualStudioVersion = 15.0.28307.1209
MinimumVisualStudioVersion = 10.0.40219.1
Project("{FAE04EC0-301F-11D3-BF4B-00C04F79EFBC}") = "BookCatalog", "BookCatalog\BookCatalog.csproj", "{8CB83409-577F-4513-9E1E-5645C40DCB6D}"
EndProject
Project("{FAE04EC0-301F-11D3-BF4B-00C04F79EFBC}") = "BookCatalogTest", "BookCatalogTest\BookCatalogTest.csproj", "{2387FF94-58EE-422A-B5B5-EACC67482A43}"
EndProject
Project("{FAE04EC0-301F-11D3-BF4B-00C04F79EFBC}") = "Tests", "Tests\Tests.csproj", "{9E37407F-DE2D-44A3-A692-4563A8BD5868}"
EndProject
Global
	GlobalSection(SolutionConfigurationPlatforms) = preSolution
		Debug|Any CPU = Debug|Any CPU
		Release|Any CPU = Release|Any CPU
	EndGlobalSection
	GlobalSection(ProjectConfigurationPlatforms) = postSolution
		{8CB83409-577F-4513-9E1E-5645C40DCB6D}.Debug|Any CPU.ActiveCfg = Debug|Any CPU
		{8CB83409-577F-4513-9E1E-5645C40DCB6D}.Debug|Any CPU.Build.0 = Debug|Any CPU
		{8CB83409-577F-4513-9E1E-5645C40DCB6D}.Release|Any CPU.ActiveCfg = Release|Any CPU
		{8CB83409-577F-4513-9E1E-5645C40DCB6D}.Release|Any CPU.Build.0 = Release|Any CPU
		{2387FF94-58EE-422A-B5B5-EACC67482A43}.Debug|Any CPU.ActiveCfg = Debug|Any CPU
		{2387FF94-58EE-422A-B5B5-EACC67482A43}.Debug|Any CPU.Build.0 = Debug|Any CPU
		{2387FF94-58EE-422A-B5B5-EACC67482A43}.Release|Any CPU.ActiveCfg = Release|Any CPU
		{2387FF94-58EE-422A-B5B5-EACC67482A43}.Release|Any CPU.Build.0 = Release|Any CPU
		{9E37407F-DE2D-44A3-A692-4563A8BD5868}.Debug|Any CPU.ActiveCfg = Debug|Any CPU
		{9E37407F-DE2D-44A3-A692-4563A8BD5868}.Debug|Any CPU.Build.0 = Debug|Any CPU
		{9E37407F-DE2D-44A3-A692-4563A8BD5868}.Release|Any CPU.ActiveCfg = Release|Any CPU
		{9E37407F-DE2D-44A3-A692-4563A8BD5868}.Release|Any CPU.Build.0 = Release|Any CPU
	EndGlobalSection
	GlobalSection(SolutionProperties) = preSolution
		HideSolutionNode = FALSE
	EndGlobalSection
	GlobalSection(ExtensibilityGlobals) = postSolution
		SolutionGuid = {D6D99195-4882-4468-86F7-231DE4E0FE52}
	EndGlobalSection
EndGlobal
